{
  "name": "nv-webblog-final-main",
  "lockfileVersion": 2,
  "requires": true,
  "packages": {
    "": {
      "dependencies": {
        "scrollmonitor": "^1.2.9"
      }
    },
    "node_modules/scrollmonitor": {
      "version": "1.2.9",
      "resolved": "https://registry.npmjs.org/scrollmonitor/-/scrollmonitor-1.2.9.tgz",
      "integrity": "sha512-pgviMf1xa3nfKvVxH/MhA3o96UVHHWyjUPKfKSfGmRjWpLJLM/IMRlNpqWtgsV9Av2WyI2JmyiSeVJVkt/AV3w=="
    }
  },
  "dependencies": {
    "scrollmonitor": {
      "version": "1.2.9",
      "resolved": "https://registry.npmjs.org/scrollmonitor/-/scrollmonitor-1.2.9.tgz",
      "integrity": "sha512-pgviMf1xa3nfKvVxH/MhA3o96UVHHWyjUPKfKSfGmRjWpLJLM/IMRlNpqWtgsV9Av2WyI2JmyiSeVJVkt/AV3w=="
    }
  }
}
